
Microsoft Visual Studio Solution File, Format Version 12.00
# Visual Studio Version 17
VisualStudioVersion = 17.1.32319.34
MinimumVisualStudioVersion = 10.0.40219.1
Project("{FAE04EC0-301F-11D3-BF4B-00C04F79EFBC}") = "HomeView.Web", "HomeView.Web\HomeView.Web.csproj", "{620F8B4C-B4AB-4339-BA18-8DA1C41887F7}"
EndProject
Project("{FAE04EC0-301F-11D3-BF4B-00C04F79EFBC}") = "HomeView.Models", "HomeView.Models\HomeView.Models.csproj", "{BEA4E158-985B-4B77-BF21-59137D06DAE3}"
EndProject
Project("{FAE04EC0-301F-11D3-BF4B-00C04F79EFBC}") = "HomeView.Repository", "HomeView.Repository\HomeView.Repository.csproj", "{B4AAED75-01D6-4565-A3F1-0521D38E3286}"
EndProject
Project("{FAE04EC0-301F-11D3-BF4B-00C04F79EFBC}") = "HomeView.Identity", "HomeView.Identity\HomeView.Identity.csproj", "{B8C3191E-E598-4512-8524-51A49A55D5DC}"
EndProject
Project("{FAE04EC0-301F-11D3-BF4B-00C04F79EFBC}") = "HomeView.Services", "HomeView.Services\HomeView.Services.csproj", "{E83D0F8D-B45F-4BE9-A656-8BAEE80FE69C}"
EndProject
Global
	GlobalSection(SolutionConfigurationPlatforms) = preSolution
		Debug|Any CPU = Debug|Any CPU
		Release|Any CPU = Release|Any CPU
	EndGlobalSection
	GlobalSection(ProjectConfigurationPlatforms) = postSolution
		{620F8B4C-B4AB-4339-BA18-8DA1C41887F7}.Debug|Any CPU.ActiveCfg = Debug|Any CPU
		{620F8B4C-B4AB-4339-BA18-8DA1C41887F7}.Debug|Any CPU.Build.0 = Debug|Any CPU
		{620F8B4C-B4AB-4339-BA18-8DA1C41887F7}.Release|Any CPU.ActiveCfg = Release|Any CPU
		{620F8B4C-B4AB-4339-BA18-8DA1C41887F7}.Release|Any CPU.Build.0 = Release|Any CPU
		{BEA4E158-985B-4B77-BF21-59137D06DAE3}.Debug|Any CPU.ActiveCfg = Debug|Any CPU
		{BEA4E158-985B-4B77-BF21-59137D06DAE3}.Debug|Any CPU.Build.0 = Debug|Any CPU
		{BEA4E158-985B-4B77-BF21-59137D06DAE3}.Release|Any CPU.ActiveCfg = Release|Any CPU
		{BEA4E158-985B-4B77-BF21-59137D06DAE3}.Release|Any CPU.Build.0 = Release|Any CPU
		{B4AAED75-01D6-4565-A3F1-0521D38E3286}.Debug|Any CPU.ActiveCfg = Debug|Any CPU
		{B4AAED75-01D6-4565-A3F1-0521D38E3286}.Debug|Any CPU.Build.0 = Debug|Any CPU
		{B4AAED75-01D6-4565-A3F1-0521D38E3286}.Release|Any CPU.ActiveCfg = Release|Any CPU
		{B4AAED75-01D6-4565-A3F1-0521D38E3286}.Release|Any CPU.Build.0 = Release|Any CPU
		{B8C3191E-E598-4512-8524-51A49A55D5DC}.Debug|Any CPU.ActiveCfg = Debug|Any CPU
		{B8C3191E-E598-4512-8524-51A49A55D5DC}.Debug|Any CPU.Build.0 = Debug|Any CPU
		{B8C3191E-E598-4512-8524-51A49A55D5DC}.Release|Any CPU.ActiveCfg = Release|Any CPU
		{B8C3191E-E598-4512-8524-51A49A55D5DC}.Release|Any CPU.Build.0 = Release|Any CPU
		{E83D0F8D-B45F-4BE9-A656-8BAEE80FE69C}.Debug|Any CPU.ActiveCfg = Debug|Any CPU
		{E83D0F8D-B45F-4BE9-A656-8BAEE80FE69C}.Debug|Any CPU.Build.0 = Debug|Any CPU
		{E83D0F8D-B45F-4BE9-A656-8BAEE80FE69C}.Release|Any CPU.ActiveCfg = Release|Any CPU
		{E83D0F8D-B45F-4BE9-A656-8BAEE80FE69C}.Release|Any CPU.Build.0 = Release|Any CPU
	EndGlobalSection
	GlobalSection(SolutionProperties) = preSolution
		HideSolutionNode = FALSE
	EndGlobalSection
	GlobalSection(ExtensibilityGlobals) = postSolution
		SolutionGuid = {24FEF4DB-C252-4581-9491-C2D1806DC9F3}
	EndGlobalSection
EndGlobal
